
Microsoft Visual Studio Solution File, Format Version 12.00
# Visual Studio Version 16
VisualStudioVersion = 16.0.31729.503
MinimumVisualStudioVersion = 10.0.40219.1
Project("{FAE04EC0-301F-11D3-BF4B-00C04F79EFBC}") = "Game", "Game.csproj", "{6170DA6B-7D2E-4980-8EA4-D065ABAC95ED}"
EndProject
Global
	GlobalSection(SolutionConfigurationPlatforms) = preSolution
		Debug|Any CPU = Debug|Any CPU
		Release|Any CPU = Release|Any CPU
	EndGlobalSection
	GlobalSection(ProjectConfigurationPlatforms) = postSolution
		{6170DA6B-7D2E-4980-8EA4-D065ABAC95ED}.Debug|Any CPU.ActiveCfg = Debug|Any CPU
		{6170DA6B-7D2E-4980-8EA4-D065ABAC95ED}.Debug|Any CPU.Build.0 = Debug|Any CPU
		{6170DA6B-7D2E-4980-8EA4-D065ABAC95ED}.Release|Any CPU.ActiveCfg = Release|Any CPU
		{6170DA6B-7D2E-4980-8EA4-D065ABAC95ED}.Release|Any CPU.Build.0 = Release|Any CPU
	EndGlobalSection
	GlobalSection(SolutionProperties) = preSolution
		HideSolutionNode = FALSE
	EndGlobalSection
	GlobalSection(ExtensibilityGlobals) = postSolution
		SolutionGuid = {584E7968-571C-4EBF-8425-08700A925E51}
	EndGlobalSection
EndGlobal
